# Generated by pub
# See http://pub.dartlang.org/doc/glossary.html#lockfile

{"packages":{"mongo_dart":{"version":"0.1.14","source":"hosted","description":"mongo_dart"},"args":{"version":"0.5.1","source":"hosted","description":"args"},"meta":{"version":"0.5.1","source":"hosted","description":"meta"},"logging":{"version":"0.5.1","source":"hosted","description":"logging"},"bson":{"version":"0.1.2","source":"hosted","description":"bson"},"unittest":{"version":"0.5.1","source":"hosted","description":"unittest"}}}
