# Generated by pub
# See http://pub.dartlang.org/doc/glossary.html#lockfile

{"packages":{"bson":{"version":"0.1.1","source":"hosted","description":"bson"},"logging":{"version":"0.5.0+1","source":"hosted","description":"logging"},"unittest":{"version":"0.5.0+1","source":"hosted","description":"unittest"},"mongo_dart":{"version":"0.1.14","source":"hosted","description":"mongo_dart"},"meta":{"version":"0.5.0+1","source":"hosted","description":"meta"},"args":{"version":"0.5.0+1","source":"hosted","description":"args"}}}
