# Generated by pub
# See http://pub.dartlang.org/doc/glossary.html#lockfile

{"packages":{"unittest":{"version":"0.5.1","source":"hosted","description":"unittest"},"bson":{"version":"0.1.3","source":"hosted","description":"bson"},"logging":{"version":"0.5.1","source":"hosted","description":"logging"},"args":{"version":"0.5.1","source":"hosted","description":"args"},"meta":{"version":"0.5.1","source":"hosted","description":"meta"},"mongo_dart":{"version":"0.1.14","source":"hosted","description":"mongo_dart"}}}
